// !$*UTF8*$!
{
	archiveVersion = 1;
	classes = {
	};
	objectVersion = 46;
	objects = {

/* Begin PBXBuildFile section */
		49C263211E723642004F1EEE /* AppDelegate.swift in Sources */ = {isa = PBXBuildFile; fileRef = 49C263201E723642004F1EEE /* AppDelegate.swift */; };
		49C263231E723642004F1EEE /* ViewController.swift in Sources */ = {isa = PBXBuildFile; fileRef = 49C263221E723642004F1EEE /* ViewController.swift */; };
		49C263261E723642004F1EEE /* Main.storyboard in Resources */ = {isa = PBXBuildFile; fileRef = 49C263241E723642004F1EEE /* Main.storyboard */; };
		49C263281E723642004F1EEE /* Assets.xcassets in Resources */ = {isa = PBXBuildFile; fileRef = 49C263271E723642004F1EEE /* Assets.xcassets */; };
		49C2632B1E723642004F1EEE /* LaunchScreen.storyboard in Resources */ = {isa = PBXBuildFile; fileRef = 49C263291E723642004F1EEE /* LaunchScreen.storyboard */; };
		49C263361E723642004F1EEE /* tippyTests.swift in Sources */ = {isa = PBXBuildFile; fileRef = 49C263351E723642004F1EEE /* tippyTests.swift */; };
		49C263411E723642004F1EEE /* tippyUITests.swift in Sources */ = {isa = PBXBuildFile; fileRef = 49C263401E723642004F1EEE /* tippyUITests.swift */; };
		49C2634F1E7275CC004F1EEE /* SettingsViewController.swift in Sources */ = {isa = PBXBuildFile; fileRef = 49C2634E1E7275CC004F1EEE /* SettingsViewController.swift */; };
/* End PBXBuildFile section */

/* Begin PBXContainerItemProxy section */
		49C263321E723642004F1EEE /* PBXContainerItemProxy */ = {
			isa = PBXContainerItemProxy;
			containerPortal = 49C263151E723642004F1EEE /* Project object */;
			proxyType = 1;
			remoteGlobalIDString = 49C2631C1E723642004F1EEE;
			remoteInfo = tippy;
		};
		49C2633D1E723642004F1EEE /* PBXContainerItemProxy */ = {
			isa = PBXContainerItemProxy;
			containerPortal = 49C263151E723642004F1EEE /* Project object */;
			proxyType = 1;
			remoteGlobalIDString = 49C2631C1E723642004F1EEE;
			remoteInfo = tippy;
		};
/* End PBXContainerItemProxy section */

/* Begin PBXFileReference section */
		49C2631D1E723642004F1EEE /* tippy.app */ = {isa = PBXFileReference; explicitFileType = wrapper.application; includeInIndex = 0; path = tippy.app; sourceTree = BUILT_PRODUCTS_DIR; };
		49C263201E723642004F1EEE /* AppDelegate.swift */ = {isa = PBXFileReference; lastKnownFileType = sourcecode.swift; path = AppDelegate.swift; sourceTree = "<group>"; };
		49C263221E723642004F1EEE /* ViewController.swift */ = {isa = PBXFileReference; lastKnownFileType = sourcecode.swift; path = ViewController.swift; sourceTree = "<group>"; };
		49C263251E723642004F1EEE /* Base */ = {isa = PBXFileReference; lastKnownFileType = file.storyboard; name = Base; path = Base.lproj/Main.storyboard; sourceTree = "<group>"; };
		49C263271E723642004F1EEE /* Assets.xcassets */ = {isa = PBXFileReference; lastKnownFileType = folder.assetcatalog; path = Assets.xcassets; sourceTree = "<group>"; };
		49C2632A1E723642004F1EEE /* Base */ = {isa = PBXFileReference; lastKnownFileType = file.storyboard; name = Base; path = Base.lproj/LaunchScreen.storyboard; sourceTree = "<group>"; };
		49C2632C1E723642004F1EEE /* Info.plist */ = {isa = PBXFileReference; lastKnownFileType = text.plist.xml; path = Info.plist; sourceTree = "<group>"; };
		49C263311E723642004F1EEE /* tippyTests.xctest */ = {isa = PBXFileReference; explicitFileType = wrapper.cfbundle; includeInIndex = 0; path = tippyTests.xctest; sourceTree = BUILT_PRODUCTS_DIR; };
		49C263351E723642004F1EEE /* tippyTests.swift */ = {isa = PBXFileReference; lastKnownFileType = sourcecode.swift; path = tippyTests.swift; sourceTree = "<group>"; };
		49C263371E723642004F1EEE /* Info.plist */ = {isa = PBXFileReference; lastKnownFileType = text.plist.xml; path = Info.plist; sourceTree = "<group>"; };
		49C2633C1E723642004F1EEE /* tippyUITests.xctest */ = {isa = PBXFileReference; explicitFileType = wrapper.cfbundle; includeInIndex = 0; path = tippyUITests.xctest; sourceTree = BUILT_PRODUCTS_DIR; };
		49C263401E723642004F1EEE /* tippyUITests.swift */ = {isa = PBXFileReference; lastKnownFileType = sourcecode.swift; path = tippyUITests.swift; sourceTree = "<group>"; };
		49C263421E723642004F1EEE /* Info.plist */ = {isa = PBXFileReference; lastKnownFileType = text.plist.xml; path = Info.plist; sourceTree = "<group>"; };
		49C2634E1E7275CC004F1EEE /* SettingsViewController.swift */ = {isa = PBXFileReference; fileEncoding = 4; lastKnownFileType = sourcecode.swift; path = SettingsViewController.swift; sourceTree = "<group>"; };
/* End PBXFileReference section */

/* Begin PBXFrameworksBuildPhase section */
		49C2631A1E723642004F1EEE /* Frameworks */ = {
			isa = PBXFrameworksBuildPhase;
			buildActionMask = 2147483647;
			files = (
			);
			runOnlyForDeploymentPostprocessing = 0;
		};
		49C2632E1E723642004F1EEE /* Frameworks */ = {
			isa = PBXFrameworksBuildPhase;
			buildActionMask = 2147483647;
			files = (
			);
			runOnlyForDeploymentPostprocessing = 0;
		};
		49C263391E723642004F1EEE /* Frameworks */ = {
			isa = PBXFrameworksBuildPhase;
			buildActionMask = 2147483647;
			files = (
			);
			runOnlyForDeploymentPostprocessing = 0;
		};
/* End PBXFrameworksBuildPhase section */

/* Begin PBXGroup section */
		49C263141E723642004F1EEE = {
			isa = PBXGroup;
			children = (
				49C2631F1E723642004F1EEE /* tippy */,
				49C263341E723642004F1EEE /* tippyTests */,
				49C2633F1E723642004F1EEE /* tippyUITests */,
				49C2631E1E723642004F1EEE /* Products */,
			);
			sourceTree = "<group>";
		};
		49C2631E1E723642004F1EEE /* Products */ = {
			isa = PBXGroup;
			children = (
				49C2631D1E723642004F1EEE /* tippy.app */,
				49C263311E723642004F1EEE /* tippyTests.xctest */,
				49C2633C1E723642004F1EEE /* tippyUITests.xctest */,
			);
			name = Products;
			sourceTree = "<group>";
		};
		49C2631F1E723642004F1EEE /* tippy */ = {
			isa = PBXGroup;
			children = (
				49C263201E723642004F1EEE /* AppDelegate.swift */,
				49C263221E723642004F1EEE /* ViewController.swift */,
				49C263241E723642004F1EEE /* Main.storyboard */,
				49C2634E1E7275CC004F1EEE /* SettingsViewController.swift */,
				49C263271E723642004F1EEE /* Assets.xcassets */,
				49C263291E723642004F1EEE /* LaunchScreen.storyboard */,
				49C2632C1E723642004F1EEE /* Info.plist */,
			);
			path = tippy;
			sourceTree = "<group>";
		};
		49C263341E723642004F1EEE /* tippyTests */ = {
			isa = PBXGroup;
			children = (
				49C263351E723642004F1EEE /* tippyTests.swift */,
				49C263371E723642004F1EEE /* Info.plist */,
			);
			path = tippyTests;
			sourceTree = "<group>";
		};
		49C2633F1E723642004F1EEE /* tippyUITests */ = {
			isa = PBXGroup;
			children = (
				49C263401E723642004F1EEE /* tippyUITests.swift */,
				49C263421E723642004F1EEE /* Info.plist */,
			);
			path = tippyUITests;
			sourceTree = "<group>";
		};
/* End PBXGroup section */

/* Begin PBXNativeTarget section */
		49C2631C1E723642004F1EEE /* tippy */ = {
			isa = PBXNativeTarget;
			buildConfigurationList = 49C263451E723642004F1EEE /* Build configuration list for PBXNativeTarget "tippy" */;
			buildPhases = (
				49C263191E723642004F1EEE /* Sources */,
				49C2631A1E723642004F1EEE /* Frameworks */,
				49C2631B1E723642004F1EEE /* Resources */,
			);
			buildRules = (
			);
			dependencies = (
			);
			name = tippy;
			productName = tippy;
			productReference = 49C2631D1E723642004F1EEE /* tippy.app */;
			productType = "com.apple.product-type.application";
		};
		49C263301E723642004F1EEE /* tippyTests */ = {
			isa = PBXNativeTarget;
			buildConfigurationList = 49C263481E723642004F1EEE /* Build configuration list for PBXNativeTarget "tippyTests" */;
			buildPhases = (
				49C2632D1E723642004F1EEE /* Sources */,
				49C2632E1E723642004F1EEE /* Frameworks */,
				49C2632F1E723642004F1EEE /* Resources */,
			);
			buildRules = (
			);
			dependencies = (
				49C263331E723642004F1EEE /* PBXTargetDependency */,
			);
			name = tippyTests;
			productName = tippyTests;
			productReference = 49C263311E723642004F1EEE /* tippyTests.xctest */;
			productType = "com.apple.product-type.bundle.unit-test";
		};
		49C2633B1E723642004F1EEE /* tippyUITests */ = {
			isa = PBXNativeTarget;
			buildConfigurationList = 49C2634B1E723642004F1EEE /* Build configuration list for PBXNativeTarget "tippyUITests" */;
			buildPhases = (
				49C263381E723642004F1EEE /* Sources */,
				49C263391E723642004F1EEE /* Frameworks */,
				49C2633A1E723642004F1EEE /* Resources */,
			);
			buildRules = (
			);
			dependencies = (
				49C2633E1E723642004F1EEE /* PBXTargetDependency */,
			);
			name = tippyUITests;
			productName = tippyUITests;
			productReference = 49C2633C1E723642004F1EEE /* tippyUITests.xctest */;
			productType = "com.apple.product-type.bundle.ui-testing";
		};
/* End PBXNativeTarget section */

/* Begin PBXProject section */
		49C263151E723642004F1EEE /* Project object */ = {
			isa = PBXProject;
			attributes = {
				LastSwiftUpdateCheck = 0820;
				LastUpgradeCheck = 0820;
				ORGANIZATIONNAME = thegeekgoddess.net;
				TargetAttributes = {
					49C2631C1E723642004F1EEE = {
						CreatedOnToolsVersion = 8.2.1;
						DevelopmentTeam = ENPR7X2K8Z;
						ProvisioningStyle = Automatic;
					};
					49C263301E723642004F1EEE = {
						CreatedOnToolsVersion = 8.2.1;
						DevelopmentTeam = ENPR7X2K8Z;
						ProvisioningStyle = Automatic;
						TestTargetID = 49C2631C1E723642004F1EEE;
					};
					49C2633B1E723642004F1EEE = {
						CreatedOnToolsVersion = 8.2.1;
						DevelopmentTeam = ENPR7X2K8Z;
						ProvisioningStyle = Automatic;
						TestTargetID = 49C2631C1E723642004F1EEE;
					};
				};
			};
			buildConfigurationList = 49C263181E723642004F1EEE /* Build configuration list for PBXProject "tippy" */;
			compatibilityVersion = "Xcode 3.2";
			developmentRegion = English;
			hasScannedForEncodings = 0;
			knownRegions = (
				en,
				Base,
			);
			mainGroup = 49C263141E723642004F1EEE;
			productRefGroup = 49C2631E1E723642004F1EEE /* Products */;
			projectDirPath = "";
			projectRoot = "";
			targets = (
				49C2631C1E723642004F1EEE /* tippy */,
				49C263301E723642004F1EEE /* tippyTests */,
				49C2633B1E723642004F1EEE /* tippyUITests */,
			);
		};
/* End PBXProject section */

/* Begin PBXResourcesBuildPhase section */
		49C2631B1E723642004F1EEE /* Resources */ = {
			isa = PBXResourcesBuildPhase;
			buildActionMask = 2147483647;
			files = (
				49C2632B1E723642004F1EEE /* LaunchScreen.storyboard in Resources */,
				49C263281E723642004F1EEE /* Assets.xcassets in Resources */,
				49C263261E723642004F1EEE /* Main.storyboard in Resources */,
			);
			runOnlyForDeploymentPostprocessing = 0;
		};
		49C2632F1E723642004F1EEE /* Resources */ = {
			isa = PBXResourcesBuildPhase;
			buildActionMask = 2147483647;
			files = (
			);
			runOnlyForDeploymentPostprocessing = 0;
		};
		49C2633A1E723642004F1EEE /* Resources */ = {
			isa = PBXResourcesBuildPhase;
			buildActionMask = 2147483647;
			files = (
			);
			runOnlyForDeploymentPostprocessing = 0;
		};
/* End PBXResourcesBuildPhase section */

/* Begin PBXSourcesBuildPhase section */
		49C263191E723642004F1EEE /* Sources */ = {
			isa = PBXSourcesBuildPhase;
			buildActionMask = 2147483647;
			files = (
				49C263231E723642004F1EEE /* ViewController.swift in Sources */,
				49C263211E723642004F1EEE /* AppDelegate.swift in Sources */,
				49C2634F1E7275CC004F1EEE /* SettingsViewController.swift in Sources */,
			);
			runOnlyForDeploymentPostprocessing = 0;
		};
		49C2632D1E723642004F1EEE /* Sources */ = {
			isa = PBXSourcesBuildPhase;
			buildActionMask = 2147483647;
			files = (
				49C263361E723642004F1EEE /* tippyTests.swift in Sources */,
			);
			runOnlyForDeploymentPostprocessing = 0;
		};
		49C263381E723642004F1EEE /* Sources */ = {
			isa = PBXSourcesBuildPhase;
			buildActionMask = 2147483647;
			files = (
				49C263411E723642004F1EEE /* tippyUITests.swift in Sources */,
			);
			runOnlyForDeploymentPostprocessing = 0;
		};
/* End PBXSourcesBuildPhase section */

/* Begin PBXTargetDependency section */
		49C263331E723642004F1EEE /* PBXTargetDependency */ = {
			isa = PBXTargetDependency;
			target = 49C2631C1E723642004F1EEE /* tippy */;
			targetProxy = 49C263321E723642004F1EEE /* PBXContainerItemProxy */;
		};
		49C2633E1E723642004F1EEE /* PBXTargetDependency */ = {
			isa = PBXTargetDependency;
			target = 49C2631C1E723642004F1EEE /* tippy */;
			targetProxy = 49C2633D1E723642004F1EEE /* PBXContainerItemProxy */;
		};
/* End PBXTargetDependency section */

/* Begin PBXVariantGroup section */
		49C263241E723642004F1EEE /* Main.storyboard */ = {
			isa = PBXVariantGroup;
			children = (
				49C263251E723642004F1EEE /* Base */,
			);
			name = Main.storyboard;
			sourceTree = "<group>";
		};
		49C263291E723642004F1EEE /* LaunchScreen.storyboard */ = {
			isa = PBXVariantGroup;
			children = (
				49C2632A1E723642004F1EEE /* Base */,
			);
			name = LaunchScreen.storyboard;
			sourceTree = "<group>";
		};
/* End PBXVariantGroup section */

/* Begin XCBuildConfiguration section */
		49C263431E723642004F1EEE /* Debug */ = {
			isa = XCBuildConfiguration;
			buildSettings = {
				ALWAYS_SEARCH_USER_PATHS = NO;
				CLANG_ANALYZER_NONNULL = YES;
				CLANG_CXX_LANGUAGE_STANDARD = "gnu++0x";
				CLANG_CXX_LIBRARY = "libc++";
				CLANG_ENABLE_MODULES = YES;
				CLANG_ENABLE_OBJC_ARC = YES;
				CLANG_WARN_BOOL_CONVERSION = YES;
				CLANG_WARN_CONSTANT_CONVERSION = YES;
				CLANG_WARN_DIRECT_OBJC_ISA_USAGE = YES_ERROR;
				CLANG_WARN_DOCUMENTATION_COMMENTS = YES;
				CLANG_WARN_EMPTY_BODY = YES;
				CLANG_WARN_ENUM_CONVERSION = YES;
				CLANG_WARN_INFINITE_RECURSION = YES;
				CLANG_WARN_INT_CONVERSION = YES;
				CLANG_WARN_OBJC_ROOT_CLASS = YES_ERROR;
				CLANG_WARN_SUSPICIOUS_MOVE = YES;
				CLANG_WARN_UNREACHABLE_CODE = YES;
				CLANG_WARN__DUPLICATE_METHOD_MATCH = YES;
				"CODE_SIGN_IDENTITY[sdk=iphoneos*]" = "iPhone Developer";
				COPY_PHASE_STRIP = NO;
				DEBUG_INFORMATION_FORMAT = dwarf;
				ENABLE_STRICT_OBJC_MSGSEND = YES;
				ENABLE_TESTABILITY = YES;
				GCC_C_LANGUAGE_STANDARD = gnu99;
				GCC_DYNAMIC_NO_PIC = NO;
				GCC_NO_COMMON_BLOCKS = YES;
				GCC_OPTIMIZATION_LEVEL = 0;
				GCC_PREPROCESSOR_DEFINITIONS = (
					"DEBUG=1",
					"$(inherited)",
				);
				GCC_WARN_64_TO_32_BIT_CONVERSION = YES;
				GCC_WARN_ABOUT_RETURN_TYPE = YES_ERROR;
				GCC_WARN_UNDECLARED_SELECTOR = YES;
				GCC_WARN_UNINITIALIZED_AUTOS = YES_AGGRESSIVE;
				GCC_WARN_UNUSED_FUNCTION = YES;
				GCC_WARN_UNUSED_VARIABLE = YES;
				IPHONEOS_DEPLOYMENT_TARGET = 10.2;
				MTL_ENABLE_DEBUG_INFO = YES;
				ONLY_ACTIVE_ARCH = YES;
				SDKROOT = iphoneos;
				SWIFT_ACTIVE_COMPILATION_CONDITIONS = DEBUG;
				SWIFT_OPTIMIZATION_LEVEL = "-Onone";
			};
			name = Debug;
		};
		49C263441E723642004F1EEE /* Release */ = {
			isa = XCBuildConfiguration;
			buildSettings = {
				ALWAYS_SEARCH_USER_PATHS = NO;
				CLANG_ANALYZER_NONNULL = YES;
				CLANG_CXX_LANGUAGE_STANDARD = "gnu++0x";
				CLANG_CXX_LIBRARY = "libc++";
				CLANG_ENABLE_MODULES = YES;
				CLANG_ENABLE_OBJC_ARC = YES;
				CLANG_WARN_BOOL_CONVERSION = YES;
				CLANG_WARN_CONSTANT_CONVERSION = YES;
				CLANG_WARN_DIRECT_OBJC_ISA_USAGE = YES_ERROR;
				CLANG_WARN_DOCUMENTATION_COMMENTS = YES;
				CLANG_WARN_EMPTY_BODY = YES;
				CLANG_WARN_ENUM_CONVERSION = YES;
				CLANG_WARN_INFINITE_RECURSION = YES;
				CLANG_WARN_INT_CONVERSION = YES;
				CLANG_WARN_OBJC_ROOT_CLASS = YES_ERROR;
				CLANG_WARN_SUSPICIOUS_MOVE = YES;
				CLANG_WARN_UNREACHABLE_CODE = YES;
				CLANG_WARN__DUPLICATE_METHOD_MATCH = YES;
				"CODE_SIGN_IDENTITY[sdk=iphoneos*]" = "iPhone Developer";
				COPY_PHASE_STRIP = NO;
				DEBUG_INFORMATION_FORMAT = "dwarf-with-dsym";
				ENABLE_NS_ASSERTIONS = NO;
				ENABLE_STRICT_OBJC_MSGSEND = YES;
				GCC_C_LANGUAGE_STANDARD = gnu99;
				GCC_NO_COMMON_BLOCKS = YES;
				GCC_WARN_64_TO_32_BIT_CONVERSION = YES;
				GCC_WARN_ABOUT_RETURN_TYPE = YES_ERROR;
				GCC_WARN_UNDECLARED_SELECTOR = YES;
				GCC_WARN_UNINITIALIZED_AUTOS = YES_AGGRESSIVE;
				GCC_WARN_UNUSED_FUNCTION = YES;
				GCC_WARN_UNUSED_VARIABLE = YES;
				IPHONEOS_DEPLOYMENT_TARGET = 10.2;
				MTL_ENABLE_DEBUG_INFO = NO;
				SDKROOT = iphoneos;
				SWIFT_OPTIMIZATION_LEVEL = "-Owholemodule";
				VALIDATE_PRODUCT = YES;
			};
			name = Release;
		};
		49C263461E723642004F1EEE /* Debug */ = {
			isa = XCBuildConfiguration;
			buildSettings = {
				ASSETCATALOG_COMPILER_APPICON_NAME = AppIcon;
				DEVELOPMENT_TEAM = ENPR7X2K8Z;
				INFOPLIST_FILE = tippy/Info.plist;
				LD_RUNPATH_SEARCH_PATHS = "$(inherited) @executable_path/Frameworks";
				PRODUCT_BUNDLE_IDENTIFIER = net.thegeekgoddess.tippy;
				PRODUCT_NAME = "$(TARGET_NAME)";
				SWIFT_VERSION = 3.0;
			};
			name = Debug;
		};
		49C263471E723642004F1EEE /* Release */ = {
			isa = XCBuildConfiguration;
			buildSettings = {
				ASSETCATALOG_COMPILER_APPICON_NAME = AppIcon;
				DEVELOPMENT_TEAM = ENPR7X2K8Z;
				INFOPLIST_FILE = tippy/Info.plist;
				LD_RUNPATH_SEARCH_PATHS = "$(inherited) @executable_path/Frameworks";
				PRODUCT_BUNDLE_IDENTIFIER = net.thegeekgoddess.tippy;
				PRODUCT_NAME = "$(TARGET_NAME)";
				SWIFT_VERSION = 3.0;
			};
			name = Release;
		};
		49C263491E723642004F1EEE /* Debug */ = {
			isa = XCBuildConfiguration;
			buildSettings = {
				ALWAYS_EMBED_SWIFT_STANDARD_LIBRARIES = YES;
				BUNDLE_LOADER = "$(TEST_HOST)";
				DEVELOPMENT_TEAM = ENPR7X2K8Z;
				INFOPLIST_FILE = tippyTests/Info.plist;
				LD_RUNPATH_SEARCH_PATHS = "$(inherited) @executable_path/Frameworks @loader_path/Frameworks";
				PRODUCT_BUNDLE_IDENTIFIER = net.thegeekgoddess.tippyTests;
				PRODUCT_NAME = "$(TARGET_NAME)";
				SWIFT_VERSION = 3.0;
				TEST_HOST = "$(BUILT_PRODUCTS_DIR)/tippy.app/tippy";
			};
			name = Debug;
		};
		49C2634A1E723642004F1EEE /* Release */ = {
			isa = XCBuildConfiguration;
			buildSettings = {
				ALWAYS_EMBED_SWIFT_STANDARD_LIBRARIES = YES;
				BUNDLE_LOADER = "$(TEST_HOST)";
				DEVELOPMENT_TEAM = ENPR7X2K8Z;
				INFOPLIST_FILE = tippyTests/Info.plist;
				LD_RUNPATH_SEARCH_PATHS = "$(inherited) @executable_path/Frameworks @loader_path/Frameworks";
				PRODUCT_BUNDLE_IDENTIFIER = net.thegeekgoddess.tippyTests;
				PRODUCT_NAME = "$(TARGET_NAME)";
				SWIFT_VERSION = 3.0;
				TEST_HOST = "$(BUILT_PRODUCTS_DIR)/tippy.app/tippy";
			};
			name = Release;
		};
		49C2634C1E723642004F1EEE /* Debug */ = {
			isa = XCBuildConfiguration;
			buildSettings = {
				ALWAYS_EMBED_SWIFT_STANDARD_LIBRARIES = YES;
				DEVELOPMENT_TEAM = ENPR7X2K8Z;
				INFOPLIST_FILE = tippyUITests/Info.plist;
				LD_RUNPATH_SEARCH_PATHS = "$(inherited) @executable_path/Frameworks @loader_path/Frameworks";
				PRODUCT_BUNDLE_IDENTIFIER = net.thegeekgoddess.tippyUITests;
				PRODUCT_NAME = "$(TARGET_NAME)";
				SWIFT_VERSION = 3.0;
				TEST_TARGET_NAME = tippy;
			};
			name = Debug;
		};
		49C2634D1E723642004F1EEE /* Release */ = {
			isa = XCBuildConfiguration;
			buildSettings = {
				ALWAYS_EMBED_SWIFT_STANDARD_LIBRARIES = YES;
				DEVELOPMENT_TEAM = ENPR7X2K8Z;
				INFOPLIST_FILE = tippyUITests/Info.plist;
				LD_RUNPATH_SEARCH_PATHS = "$(inherited) @executable_path/Frameworks @loader_path/Frameworks";
				PRODUCT_BUNDLE_IDENTIFIER = net.thegeekgoddess.tippyUITests;
				PRODUCT_NAME = "$(TARGET_NAME)";
				SWIFT_VERSION = 3.0;
				TEST_TARGET_NAME = tippy;
			};
			name = Release;
		};
/* End XCBuildConfiguration section */

/* Begin XCConfigurationList section */
		49C263181E723642004F1EEE /* Build configuration list for PBXProject "tippy" */ = {
			isa = XCConfigurationList;
			buildConfigurations = (
				49C263431E723642004F1EEE /* Debug */,
				49C263441E723642004F1EEE /* Release */,
			);
			defaultConfigurationIsVisible = 0;
			defaultConfigurationName = Release;
		};
		49C263451E723642004F1EEE /* Build configuration list for PBXNativeTarget "tippy" */ = {
			isa = XCConfigurationList;
			buildConfigurations = (
				49C263461E723642004F1EEE /* Debug */,
				49C263471E723642004F1EEE /* Release */,
			);
			defaultConfigurationIsVisible = 0;
			defaultConfigurationName = Release;
		};
		49C263481E723642004F1EEE /* Build configuration list for PBXNativeTarget "tippyTests" */ = {
			isa = XCConfigurationList;
			buildConfigurations = (
				49C263491E723642004F1EEE /* Debug */,
				49C2634A1E723642004F1EEE /* Release */,
			);
			defaultConfigurationIsVisible = 0;
			defaultConfigurationName = Release;
		};
		49C2634B1E723642004F1EEE /* Build configuration list for PBXNativeTarget "tippyUITests" */ = {
			isa = XCConfigurationList;
			buildConfigurations = (
				49C2634C1E723642004F1EEE /* Debug */,
				49C2634D1E723642004F1EEE /* Release */,
			);
			defaultConfigurationIsVisible = 0;
			defaultConfigurationName = Release;
		};
/* End XCConfigurationList section */
	};
	rootObject = 49C263151E723642004F1EEE /* Project object */;
}
